// !$*UTF8*$!
{
	archiveVersion = 1;
	classes = {
	};
	objectVersion = 56;
	objects = {

/* Begin PBXBuildFile section */
		9F0953792BFB8A200023CF75 /* Project.swift in Sources */ = {isa = PBXBuildFile; fileRef = 9F0953782BFB8A200023CF75 /* Project.swift */; };
		9F09537C2BFCBE340023CF75 /* ProjectListView.swift in Sources */ = {isa = PBXBuildFile; fileRef = 9F09537B2BFCBE340023CF75 /* ProjectListView.swift */; };
		9F17A6FD2C1B486500B40E9D /* FontGenerator.swift in Sources */ = {isa = PBXBuildFile; fileRef = 9F17A6FC2C1B486500B40E9D /* FontGenerator.swift */; };
		9F17A6FF2C1B4DE300B40E9D /* fontGenerator.js in Resources */ = {isa = PBXBuildFile; fileRef = 9F17A6FE2C1B4DE300B40E9D /* fontGenerator.js */; };
		9F20FA322BFF7A99004811A7 /* LetterDrawingCanvas.swift in Sources */ = {isa = PBXBuildFile; fileRef = 9F20FA312BFF7A99004811A7 /* LetterDrawingCanvas.swift */; };
		9F33E0BC2C10B7DA001FE2AD /* UIImage.swift in Sources */ = {isa = PBXBuildFile; fileRef = 9F33E0BB2C10B7DA001FE2AD /* UIImage.swift */; };
		9F33E0CA2C12D0FA001FE2AD /* Glyph.swift in Sources */ = {isa = PBXBuildFile; fileRef = 9F33E0C92C12D0FA001FE2AD /* Glyph.swift */; };
		9F45269A2BEA6A42009DD4E0 /* fontssgApp.swift in Sources */ = {isa = PBXBuildFile; fileRef = 9F4526992BEA6A42009DD4E0 /* fontssgApp.swift */; };
		9F4526A02BEA6A44009DD4E0 /* Assets.xcassets in Resources */ = {isa = PBXBuildFile; fileRef = 9F45269F2BEA6A44009DD4E0 /* Assets.xcassets */; };
		9F4526A32BEA6A44009DD4E0 /* Preview Assets.xcassets in Resources */ = {isa = PBXBuildFile; fileRef = 9F4526A22BEA6A44009DD4E0 /* Preview Assets.xcassets */; };
		9F4526AD2BEA6A44009DD4E0 /* fontssgTests.swift in Sources */ = {isa = PBXBuildFile; fileRef = 9F4526AC2BEA6A44009DD4E0 /* fontssgTests.swift */; };
		9F4526B72BEA6A44009DD4E0 /* fontssgUITests.swift in Sources */ = {isa = PBXBuildFile; fileRef = 9F4526B62BEA6A44009DD4E0 /* fontssgUITests.swift */; };
		9F4526B92BEA6A44009DD4E0 /* fontssgUITestsLaunchTests.swift in Sources */ = {isa = PBXBuildFile; fileRef = 9F4526B82BEA6A44009DD4E0 /* fontssgUITestsLaunchTests.swift */; };
		9F6700C52BFCBFE70059A669 /* ProjectDetailView.swift in Sources */ = {isa = PBXBuildFile; fileRef = 9F6700C42BFCBFE70059A669 /* ProjectDetailView.swift */; };
		9F6700CC2BFD70430059A669 /* LetterDrawingView.swift in Sources */ = {isa = PBXBuildFile; fileRef = 9F6700CB2BFD70430059A669 /* LetterDrawingView.swift */; };
		9F6EFBF52C145C0C00BEC103 /* fontssg-Bridging-Header.h in Sources */ = {isa = PBXBuildFile; fileRef = 9F6EFBF42C145C0C00BEC103 /* fontssg-Bridging-Header.h */; };
		9F885F652BFF6B1B00832B96 /* LetterDrawing.swift in Sources */ = {isa = PBXBuildFile; fileRef = 9F885F642BFF6B1B00832B96 /* LetterDrawing.swift */; };
		9F9B0C4F2BF8C81800DACB91 /* CharacterCategory.swift in Sources */ = {isa = PBXBuildFile; fileRef = 9F9B0C4E2BF8C81800DACB91 /* CharacterCategory.swift */; };
		9FE1A9F12C12FD4D004E9433 /* Potrace.swift in Sources */ = {isa = PBXBuildFile; fileRef = 9FE1A9F02C12FD4D004E9433 /* Potrace.swift */; };
		9FF5133E2C157ED0001CE709 /* ShareSheet.swift in Sources */ = {isa = PBXBuildFile; fileRef = 9FF5133D2C157ED0001CE709 /* ShareSheet.swift */; };
/* End PBXBuildFile section */

/* Begin PBXContainerItemProxy section */
		9F4526A92BEA6A44009DD4E0 /* PBXContainerItemProxy */ = {
			isa = PBXContainerItemProxy;
			containerPortal = 9F45268E2BEA6A42009DD4E0 /* Project object */;
			proxyType = 1;
			remoteGlobalIDString = 9F4526952BEA6A42009DD4E0;
			remoteInfo = fontssg;
		};
		9F4526B32BEA6A44009DD4E0 /* PBXContainerItemProxy */ = {
			isa = PBXContainerItemProxy;
			containerPortal = 9F45268E2BEA6A42009DD4E0 /* Project object */;
			proxyType = 1;
			remoteGlobalIDString = 9F4526952BEA6A42009DD4E0;
			remoteInfo = fontssg;
		};
/* End PBXContainerItemProxy section */

/* Begin PBXFileReference section */
		9F0953782BFB8A200023CF75 /* Project.swift */ = {isa = PBXFileReference; lastKnownFileType = sourcecode.swift; path = Project.swift; sourceTree = "<group>"; };
		9F09537B2BFCBE340023CF75 /* ProjectListView.swift */ = {isa = PBXFileReference; lastKnownFileType = sourcecode.swift; name = ProjectListView.swift; path = fontssg/ProjectListView.swift; sourceTree = SOURCE_ROOT; };
		9F17A6FC2C1B486500B40E9D /* FontGenerator.swift */ = {isa = PBXFileReference; lastKnownFileType = sourcecode.swift; path = FontGenerator.swift; sourceTree = "<group>"; };
		9F17A6FE2C1B4DE300B40E9D /* fontGenerator.js */ = {isa = PBXFileReference; fileEncoding = 4; lastKnownFileType = sourcecode.javascript; path = fontGenerator.js; sourceTree = "<group>"; };
		9F20FA312BFF7A99004811A7 /* LetterDrawingCanvas.swift */ = {isa = PBXFileReference; lastKnownFileType = sourcecode.swift; path = LetterDrawingCanvas.swift; sourceTree = "<group>"; };
		9F33E0BB2C10B7DA001FE2AD /* UIImage.swift */ = {isa = PBXFileReference; lastKnownFileType = sourcecode.swift; path = UIImage.swift; sourceTree = "<group>"; };
		9F33E0C92C12D0FA001FE2AD /* Glyph.swift */ = {isa = PBXFileReference; lastKnownFileType = sourcecode.swift; path = Glyph.swift; sourceTree = "<group>"; };
		9F4526962BEA6A42009DD4E0 /* fontssg.app */ = {isa = PBXFileReference; explicitFileType = wrapper.application; includeInIndex = 0; path = fontssg.app; sourceTree = BUILT_PRODUCTS_DIR; };
		9F4526992BEA6A42009DD4E0 /* fontssgApp.swift */ = {isa = PBXFileReference; lastKnownFileType = sourcecode.swift; path = fontssgApp.swift; sourceTree = "<group>"; };
		9F45269F2BEA6A44009DD4E0 /* Assets.xcassets */ = {isa = PBXFileReference; lastKnownFileType = folder.assetcatalog; path = Assets.xcassets; sourceTree = "<group>"; };
		9F4526A22BEA6A44009DD4E0 /* Preview Assets.xcassets */ = {isa = PBXFileReference; lastKnownFileType = folder.assetcatalog; path = "Preview Assets.xcassets"; sourceTree = "<group>"; };
		9F4526A82BEA6A44009DD4E0 /* fontssgTests.xctest */ = {isa = PBXFileReference; explicitFileType = wrapper.cfbundle; includeInIndex = 0; path = fontssgTests.xctest; sourceTree = BUILT_PRODUCTS_DIR; };
		9F4526AC2BEA6A44009DD4E0 /* fontssgTests.swift */ = {isa = PBXFileReference; lastKnownFileType = sourcecode.swift; path = fontssgTests.swift; sourceTree = "<group>"; };
		9F4526B22BEA6A44009DD4E0 /* fontssgUITests.xctest */ = {isa = PBXFileReference; explicitFileType = wrapper.cfbundle; includeInIndex = 0; path = fontssgUITests.xctest; sourceTree = BUILT_PRODUCTS_DIR; };
		9F4526B62BEA6A44009DD4E0 /* fontssgUITests.swift */ = {isa = PBXFileReference; lastKnownFileType = sourcecode.swift; path = fontssgUITests.swift; sourceTree = "<group>"; };
		9F4526B82BEA6A44009DD4E0 /* fontssgUITestsLaunchTests.swift */ = {isa = PBXFileReference; lastKnownFileType = sourcecode.swift; path = fontssgUITestsLaunchTests.swift; sourceTree = "<group>"; };
		9F6700C42BFCBFE70059A669 /* ProjectDetailView.swift */ = {isa = PBXFileReference; lastKnownFileType = sourcecode.swift; path = ProjectDetailView.swift; sourceTree = "<group>"; };
		9F6700CB2BFD70430059A669 /* LetterDrawingView.swift */ = {isa = PBXFileReference; lastKnownFileType = sourcecode.swift; path = LetterDrawingView.swift; sourceTree = "<group>"; };
		9F6EFBF32C134A6300BEC103 /* Info.plist */ = {isa = PBXFileReference; lastKnownFileType = text.plist; path = Info.plist; sourceTree = "<group>"; };
		9F6EFBF42C145C0C00BEC103 /* fontssg-Bridging-Header.h */ = {isa = PBXFileReference; lastKnownFileType = sourcecode.c.h; path = "fontssg-Bridging-Header.h"; sourceTree = "<group>"; };
		9F885F642BFF6B1B00832B96 /* LetterDrawing.swift */ = {isa = PBXFileReference; lastKnownFileType = sourcecode.swift; path = LetterDrawing.swift; sourceTree = "<group>"; };
		9F9B0C4E2BF8C81800DACB91 /* CharacterCategory.swift */ = {isa = PBXFileReference; lastKnownFileType = sourcecode.swift; path = CharacterCategory.swift; sourceTree = "<group>"; usesTabs = 0; };
		9FE1A9F02C12FD4D004E9433 /* Potrace.swift */ = {isa = PBXFileReference; lastKnownFileType = sourcecode.swift; path = Potrace.swift; sourceTree = "<group>"; };
		9FF5133D2C157ED0001CE709 /* ShareSheet.swift */ = {isa = PBXFileReference; lastKnownFileType = sourcecode.swift; path = ShareSheet.swift; sourceTree = "<group>"; };
/* End PBXFileReference section */

/* Begin PBXFrameworksBuildPhase section */
		9F4526932BEA6A42009DD4E0 /* Frameworks */ = {
			isa = PBXFrameworksBuildPhase;
			buildActionMask = 2147483647;
			files = (
			);
			runOnlyForDeploymentPostprocessing = 0;
		};
		9F4526A52BEA6A44009DD4E0 /* Frameworks */ = {
			isa = PBXFrameworksBuildPhase;
			buildActionMask = 2147483647;
			files = (
			);
			runOnlyForDeploymentPostprocessing = 0;
		};
		9F4526AF2BEA6A44009DD4E0 /* Frameworks */ = {
			isa = PBXFrameworksBuildPhase;
			buildActionMask = 2147483647;
			files = (
			);
			runOnlyForDeploymentPostprocessing = 0;
		};
/* End PBXFrameworksBuildPhase section */

/* Begin PBXGroup section */
		9F09537A2BFB8A270023CF75 /* models */ = {
			isa = PBXGroup;
			children = (
				9F9B0C4E2BF8C81800DACB91 /* CharacterCategory.swift */,
				9F0953782BFB8A200023CF75 /* Project.swift */,
				9F885F642BFF6B1B00832B96 /* LetterDrawing.swift */,
				9F33E0C92C12D0FA001FE2AD /* Glyph.swift */,
			);
			path = models;
			sourceTree = "<group>";
		};
		9F33E0A32C0DF62C001FE2AD /* potrace */ = {
			isa = PBXGroup;
			children = (
				9FE1A9F02C12FD4D004E9433 /* Potrace.swift */,
			);
			path = potrace;
			sourceTree = "<group>";
		};
		9F33E0BA2C10B7C5001FE2AD /* utils */ = {
			isa = PBXGroup;
			children = (
				9F17A6FE2C1B4DE300B40E9D /* fontGenerator.js */,
				9F33E0BB2C10B7DA001FE2AD /* UIImage.swift */,
				9F17A6FC2C1B486500B40E9D /* FontGenerator.swift */,
			);
			path = utils;
			sourceTree = "<group>";
		};
		9F45268D2BEA6A42009DD4E0 = {
			isa = PBXGroup;
			children = (
				9F4526982BEA6A42009DD4E0 /* fontssg */,
				9F4526AB2BEA6A44009DD4E0 /* fontssgTests */,
				9F4526B52BEA6A44009DD4E0 /* fontssgUITests */,
				9F4526972BEA6A42009DD4E0 /* Products */,
			);
			sourceTree = "<group>";
		};
		9F4526972BEA6A42009DD4E0 /* Products */ = {
			isa = PBXGroup;
			children = (
				9F4526962BEA6A42009DD4E0 /* fontssg.app */,
				9F4526A82BEA6A44009DD4E0 /* fontssgTests.xctest */,
				9F4526B22BEA6A44009DD4E0 /* fontssgUITests.xctest */,
			);
			name = Products;
			sourceTree = "<group>";
		};
		9F4526982BEA6A42009DD4E0 /* fontssg */ = {
			isa = PBXGroup;
			children = (
				9F6EFBF32C134A6300BEC103 /* Info.plist */,
				9F33E0BA2C10B7C5001FE2AD /* utils */,
				9F33E0A32C0DF62C001FE2AD /* potrace */,
				9F09537B2BFCBE340023CF75 /* ProjectListView.swift */,
				9F6700C42BFCBFE70059A669 /* ProjectDetailView.swift */,
				9F09537A2BFB8A270023CF75 /* models */,
				9F4526992BEA6A42009DD4E0 /* fontssgApp.swift */,
				9F45269F2BEA6A44009DD4E0 /* Assets.xcassets */,
				9F4526A12BEA6A44009DD4E0 /* Preview Content */,
				9F6700CB2BFD70430059A669 /* LetterDrawingView.swift */,
				9F20FA312BFF7A99004811A7 /* LetterDrawingCanvas.swift */,
				9FF5133D2C157ED0001CE709 /* ShareSheet.swift */,
				9F6EFBF42C145C0C00BEC103 /* fontssg-Bridging-Header.h */,
			);
			path = fontssg;
			sourceTree = "<group>";
		};
		9F4526A12BEA6A44009DD4E0 /* Preview Content */ = {
			isa = PBXGroup;
			children = (
				9F4526A22BEA6A44009DD4E0 /* Preview Assets.xcassets */,
			);
			path = "Preview Content";
			sourceTree = "<group>";
		};
		9F4526AB2BEA6A44009DD4E0 /* fontssgTests */ = {
			isa = PBXGroup;
			children = (
				9F4526AC2BEA6A44009DD4E0 /* fontssgTests.swift */,
			);
			path = fontssgTests;
			sourceTree = "<group>";
		};
		9F4526B52BEA6A44009DD4E0 /* fontssgUITests */ = {
			isa = PBXGroup;
			children = (
				9F4526B62BEA6A44009DD4E0 /* fontssgUITests.swift */,
				9F4526B82BEA6A44009DD4E0 /* fontssgUITestsLaunchTests.swift */,
			);
			path = fontssgUITests;
			sourceTree = "<group>";
		};
/* End PBXGroup section */

/* Begin PBXNativeTarget section */
		9F4526952BEA6A42009DD4E0 /* fontssg */ = {
			isa = PBXNativeTarget;
			buildConfigurationList = 9F4526BC2BEA6A44009DD4E0 /* Build configuration list for PBXNativeTarget "fontssg" */;
			buildPhases = (
				9F4526922BEA6A42009DD4E0 /* Sources */,
				9F4526932BEA6A42009DD4E0 /* Frameworks */,
				9F4526942BEA6A42009DD4E0 /* Resources */,
			);
			buildRules = (
			);
			dependencies = (
			);
			name = fontssg;
			productName = fontssg;
			productReference = 9F4526962BEA6A42009DD4E0 /* fontssg.app */;
			productType = "com.apple.product-type.application";
		};
		9F4526A72BEA6A44009DD4E0 /* fontssgTests */ = {
			isa = PBXNativeTarget;
			buildConfigurationList = 9F4526BF2BEA6A44009DD4E0 /* Build configuration list for PBXNativeTarget "fontssgTests" */;
			buildPhases = (
				9F4526A42BEA6A44009DD4E0 /* Sources */,
				9F4526A52BEA6A44009DD4E0 /* Frameworks */,
				9F4526A62BEA6A44009DD4E0 /* Resources */,
			);
			buildRules = (
			);
			dependencies = (
				9F4526AA2BEA6A44009DD4E0 /* PBXTargetDependency */,
			);
			name = fontssgTests;
			productName = fontssgTests;
			productReference = 9F4526A82BEA6A44009DD4E0 /* fontssgTests.xctest */;
			productType = "com.apple.product-type.bundle.unit-test";
		};
		9F4526B12BEA6A44009DD4E0 /* fontssgUITests */ = {
			isa = PBXNativeTarget;
			buildConfigurationList = 9F4526C22BEA6A44009DD4E0 /* Build configuration list for PBXNativeTarget "fontssgUITests" */;
			buildPhases = (
				9F4526AE2BEA6A44009DD4E0 /* Sources */,
				9F4526AF2BEA6A44009DD4E0 /* Frameworks */,
				9F4526B02BEA6A44009DD4E0 /* Resources */,
			);
			buildRules = (
			);
			dependencies = (
				9F4526B42BEA6A44009DD4E0 /* PBXTargetDependency */,
			);
			name = fontssgUITests;
			productName = fontssgUITests;
			productReference = 9F4526B22BEA6A44009DD4E0 /* fontssgUITests.xctest */;
			productType = "com.apple.product-type.bundle.ui-testing";
		};
/* End PBXNativeTarget section */

/* Begin PBXProject section */
		9F45268E2BEA6A42009DD4E0 /* Project object */ = {
			isa = PBXProject;
			attributes = {
				BuildIndependentTargetsInParallel = 1;
				LastSwiftUpdateCheck = 1520;
				LastUpgradeCheck = 1520;
				TargetAttributes = {
					9F4526952BEA6A42009DD4E0 = {
						CreatedOnToolsVersion = 15.2;
						LastSwiftMigration = 1540;
					};
					9F4526A72BEA6A44009DD4E0 = {
						CreatedOnToolsVersion = 15.2;
						TestTargetID = 9F4526952BEA6A42009DD4E0;
					};
					9F4526B12BEA6A44009DD4E0 = {
						CreatedOnToolsVersion = 15.2;
						TestTargetID = 9F4526952BEA6A42009DD4E0;
					};
				};
			};
			buildConfigurationList = 9F4526912BEA6A42009DD4E0 /* Build configuration list for PBXProject "fontssg" */;
			compatibilityVersion = "Xcode 14.0";
			developmentRegion = en;
			hasScannedForEncodings = 0;
			knownRegions = (
				en,
			);
			mainGroup = 9F45268D2BEA6A42009DD4E0;
			productRefGroup = 9F4526972BEA6A42009DD4E0 /* Products */;
			projectDirPath = "";
			projectRoot = "";
			targets = (
				9F4526952BEA6A42009DD4E0 /* fontssg */,
				9F4526A72BEA6A44009DD4E0 /* fontssgTests */,
				9F4526B12BEA6A44009DD4E0 /* fontssgUITests */,
			);
		};
/* End PBXProject section */

/* Begin PBXResourcesBuildPhase section */
		9F4526942BEA6A42009DD4E0 /* Resources */ = {
			isa = PBXResourcesBuildPhase;
			buildActionMask = 2147483647;
			files = (
				9F17A6FF2C1B4DE300B40E9D /* fontGenerator.js in Resources */,
				9F4526A32BEA6A44009DD4E0 /* Preview Assets.xcassets in Resources */,
				9F4526A02BEA6A44009DD4E0 /* Assets.xcassets in Resources */,
			);
			runOnlyForDeploymentPostprocessing = 0;
		};
		9F4526A62BEA6A44009DD4E0 /* Resources */ = {
			isa = PBXResourcesBuildPhase;
			buildActionMask = 2147483647;
			files = (
			);
			runOnlyForDeploymentPostprocessing = 0;
		};
		9F4526B02BEA6A44009DD4E0 /* Resources */ = {
			isa = PBXResourcesBuildPhase;
			buildActionMask = 2147483647;
			files = (
			);
			runOnlyForDeploymentPostprocessing = 0;
		};
/* End PBXResourcesBuildPhase section */

/* Begin PBXSourcesBuildPhase section */
		9F4526922BEA6A42009DD4E0 /* Sources */ = {
			isa = PBXSourcesBuildPhase;
			buildActionMask = 2147483647;
			files = (
				9FE1A9F12C12FD4D004E9433 /* Potrace.swift in Sources */,
				9F9B0C4F2BF8C81800DACB91 /* CharacterCategory.swift in Sources */,
				9F33E0CA2C12D0FA001FE2AD /* Glyph.swift in Sources */,
				9F6700CC2BFD70430059A669 /* LetterDrawingView.swift in Sources */,
				9F0953792BFB8A200023CF75 /* Project.swift in Sources */,
				9F17A6FD2C1B486500B40E9D /* FontGenerator.swift in Sources */,
				9F6700C52BFCBFE70059A669 /* ProjectDetailView.swift in Sources */,
				9F20FA322BFF7A99004811A7 /* LetterDrawingCanvas.swift in Sources */,
				9F09537C2BFCBE340023CF75 /* ProjectListView.swift in Sources */,
				9F45269A2BEA6A42009DD4E0 /* fontssgApp.swift in Sources */,
				9FF5133E2C157ED0001CE709 /* ShareSheet.swift in Sources */,
				9F33E0BC2C10B7DA001FE2AD /* UIImage.swift in Sources */,
				9F6EFBF52C145C0C00BEC103 /* fontssg-Bridging-Header.h in Sources */,
				9F885F652BFF6B1B00832B96 /* LetterDrawing.swift in Sources */,
			);
			runOnlyForDeploymentPostprocessing = 0;
		};
		9F4526A42BEA6A44009DD4E0 /* Sources */ = {
			isa = PBXSourcesBuildPhase;
			buildActionMask = 2147483647;
			files = (
				9F4526AD2BEA6A44009DD4E0 /* fontssgTests.swift in Sources */,
			);
			runOnlyForDeploymentPostprocessing = 0;
		};
		9F4526AE2BEA6A44009DD4E0 /* Sources */ = {
			isa = PBXSourcesBuildPhase;
			buildActionMask = 2147483647;
			files = (
				9F4526B72BEA6A44009DD4E0 /* fontssgUITests.swift in Sources */,
				9F4526B92BEA6A44009DD4E0 /* fontssgUITestsLaunchTests.swift in Sources */,
			);
			runOnlyForDeploymentPostprocessing = 0;
		};
/* End PBXSourcesBuildPhase section */

/* Begin PBXTargetDependency section */
		9F4526AA2BEA6A44009DD4E0 /* PBXTargetDependency */ = {
			isa = PBXTargetDependency;
			target = 9F4526952BEA6A42009DD4E0 /* fontssg */;
			targetProxy = 9F4526A92BEA6A44009DD4E0 /* PBXContainerItemProxy */;
		};
		9F4526B42BEA6A44009DD4E0 /* PBXTargetDependency */ = {
			isa = PBXTargetDependency;
			target = 9F4526952BEA6A42009DD4E0 /* fontssg */;
			targetProxy = 9F4526B32BEA6A44009DD4E0 /* PBXContainerItemProxy */;
		};
/* End PBXTargetDependency section */

/* Begin XCBuildConfiguration section */
		9F4526BA2BEA6A44009DD4E0 /* Debug */ = {
			isa = XCBuildConfiguration;
			buildSettings = {
				ALWAYS_SEARCH_USER_PATHS = NO;
				ASSETCATALOG_COMPILER_GENERATE_SWIFT_ASSET_SYMBOL_EXTENSIONS = YES;
				CLANG_ANALYZER_NONNULL = YES;
				CLANG_ANALYZER_NUMBER_OBJECT_CONVERSION = YES_AGGRESSIVE;
				CLANG_CXX_LANGUAGE_STANDARD = "gnu++20";
				CLANG_ENABLE_MODULES = YES;
				CLANG_ENABLE_OBJC_ARC = YES;
				CLANG_ENABLE_OBJC_WEAK = YES;
				CLANG_WARN_BLOCK_CAPTURE_AUTORELEASING = YES;
				CLANG_WARN_BOOL_CONVERSION = YES;
				CLANG_WARN_COMMA = YES;
				CLANG_WARN_CONSTANT_CONVERSION = YES;
				CLANG_WARN_DEPRECATED_OBJC_IMPLEMENTATIONS = YES;
				CLANG_WARN_DIRECT_OBJC_ISA_USAGE = YES_ERROR;
				CLANG_WARN_DOCUMENTATION_COMMENTS = YES;
				CLANG_WARN_EMPTY_BODY = YES;
				CLANG_WARN_ENUM_CONVERSION = YES;
				CLANG_WARN_INFINITE_RECURSION = YES;
				CLANG_WARN_INT_CONVERSION = YES;
				CLANG_WARN_NON_LITERAL_NULL_CONVERSION = YES;
				CLANG_WARN_OBJC_IMPLICIT_RETAIN_SELF = YES;
				CLANG_WARN_OBJC_LITERAL_CONVERSION = YES;
				CLANG_WARN_OBJC_ROOT_CLASS = YES_ERROR;
				CLANG_WARN_QUOTED_INCLUDE_IN_FRAMEWORK_HEADER = YES;
				CLANG_WARN_RANGE_LOOP_ANALYSIS = YES;
				CLANG_WARN_STRICT_PROTOTYPES = YES;
				CLANG_WARN_SUSPICIOUS_MOVE = YES;
				CLANG_WARN_UNGUARDED_AVAILABILITY = YES_AGGRESSIVE;
				CLANG_WARN_UNREACHABLE_CODE = YES;
				CLANG_WARN__DUPLICATE_METHOD_MATCH = YES;
				COPY_PHASE_STRIP = NO;
				DEBUG_INFORMATION_FORMAT = dwarf;
				ENABLE_STRICT_OBJC_MSGSEND = YES;
				ENABLE_TESTABILITY = YES;
				ENABLE_USER_SCRIPT_SANDBOXING = YES;
				GCC_C_LANGUAGE_STANDARD = gnu17;
				GCC_DYNAMIC_NO_PIC = NO;
				GCC_NO_COMMON_BLOCKS = YES;
				GCC_OPTIMIZATION_LEVEL = 0;
				GCC_PREPROCESSOR_DEFINITIONS = (
					"DEBUG=1",
					"$(inherited)",
				);
				GCC_WARN_64_TO_32_BIT_CONVERSION = YES;
				GCC_WARN_ABOUT_RETURN_TYPE = YES_ERROR;
				GCC_WARN_UNDECLARED_SELECTOR = YES;
				GCC_WARN_UNINITIALIZED_AUTOS = YES_AGGRESSIVE;
				GCC_WARN_UNUSED_FUNCTION = YES;
				GCC_WARN_UNUSED_VARIABLE = YES;
				IPHONEOS_DEPLOYMENT_TARGET = 17.2;
				LOCALIZATION_PREFERS_STRING_CATALOGS = YES;
				MTL_ENABLE_DEBUG_INFO = INCLUDE_SOURCE;
				MTL_FAST_MATH = YES;
				ONLY_ACTIVE_ARCH = YES;
				SDKROOT = iphoneos;
				SWIFT_ACTIVE_COMPILATION_CONDITIONS = "DEBUG $(inherited)";
				SWIFT_OPTIMIZATION_LEVEL = "-Onone";
			};
			name = Debug;
		};
		9F4526BB2BEA6A44009DD4E0 /* Release */ = {
			isa = XCBuildConfiguration;
			buildSettings = {
				ALWAYS_SEARCH_USER_PATHS = NO;
				ASSETCATALOG_COMPILER_GENERATE_SWIFT_ASSET_SYMBOL_EXTENSIONS = YES;
				CLANG_ANALYZER_NONNULL = YES;
				CLANG_ANALYZER_NUMBER_OBJECT_CONVERSION = YES_AGGRESSIVE;
				CLANG_CXX_LANGUAGE_STANDARD = "gnu++20";
				CLANG_ENABLE_MODULES = YES;
				CLANG_ENABLE_OBJC_ARC = YES;
				CLANG_ENABLE_OBJC_WEAK = YES;
				CLANG_WARN_BLOCK_CAPTURE_AUTORELEASING = YES;
				CLANG_WARN_BOOL_CONVERSION = YES;
				CLANG_WARN_COMMA = YES;
				CLANG_WARN_CONSTANT_CONVERSION = YES;
				CLANG_WARN_DEPRECATED_OBJC_IMPLEMENTATIONS = YES;
				CLANG_WARN_DIRECT_OBJC_ISA_USAGE = YES_ERROR;
				CLANG_WARN_DOCUMENTATION_COMMENTS = YES;
				CLANG_WARN_EMPTY_BODY = YES;
				CLANG_WARN_ENUM_CONVERSION = YES;
				CLANG_WARN_INFINITE_RECURSION = YES;
				CLANG_WARN_INT_CONVERSION = YES;
				CLANG_WARN_NON_LITERAL_NULL_CONVERSION = YES;
				CLANG_WARN_OBJC_IMPLICIT_RETAIN_SELF = YES;
				CLANG_WARN_OBJC_LITERAL_CONVERSION = YES;
				CLANG_WARN_OBJC_ROOT_CLASS = YES_ERROR;
				CLANG_WARN_QUOTED_INCLUDE_IN_FRAMEWORK_HEADER = YES;
				CLANG_WARN_RANGE_LOOP_ANALYSIS = YES;
				CLANG_WARN_STRICT_PROTOTYPES = YES;
				CLANG_WARN_SUSPICIOUS_MOVE = YES;
				CLANG_WARN_UNGUARDED_AVAILABILITY = YES_AGGRESSIVE;
				CLANG_WARN_UNREACHABLE_CODE = YES;
				CLANG_WARN__DUPLICATE_METHOD_MATCH = YES;
				COPY_PHASE_STRIP = NO;
				DEBUG_INFORMATION_FORMAT = "dwarf-with-dsym";
				ENABLE_NS_ASSERTIONS = NO;
				ENABLE_STRICT_OBJC_MSGSEND = YES;
				ENABLE_USER_SCRIPT_SANDBOXING = YES;
				GCC_C_LANGUAGE_STANDARD = gnu17;
				GCC_NO_COMMON_BLOCKS = YES;
				GCC_WARN_64_TO_32_BIT_CONVERSION = YES;
				GCC_WARN_ABOUT_RETURN_TYPE = YES_ERROR;
				GCC_WARN_UNDECLARED_SELECTOR = YES;
				GCC_WARN_UNINITIALIZED_AUTOS = YES_AGGRESSIVE;
				GCC_WARN_UNUSED_FUNCTION = YES;
				GCC_WARN_UNUSED_VARIABLE = YES;
				IPHONEOS_DEPLOYMENT_TARGET = 17.2;
				LOCALIZATION_PREFERS_STRING_CATALOGS = YES;
				MTL_ENABLE_DEBUG_INFO = NO;
				MTL_FAST_MATH = YES;
				SDKROOT = iphoneos;
				SWIFT_COMPILATION_MODE = wholemodule;
				VALIDATE_PRODUCT = YES;
			};
			name = Release;
		};
		9F4526BD2BEA6A44009DD4E0 /* Debug */ = {
			isa = XCBuildConfiguration;
			buildSettings = {
				ASSETCATALOG_COMPILER_APPICON_NAME = AppIcon;
				ASSETCATALOG_COMPILER_GLOBAL_ACCENT_COLOR_NAME = AccentColor;
				CLANG_ENABLE_MODULES = YES;
				CODE_SIGN_STYLE = Automatic;
				CURRENT_PROJECT_VERSION = 1;
				DEVELOPMENT_ASSET_PATHS = "\"fontssg/Preview Content\"";
				DEVELOPMENT_TEAM = N5WWB54659;
				ENABLE_PREVIEWS = YES;
				GENERATE_INFOPLIST_FILE = YES;
				INFOPLIST_FILE = fontssg/Info.plist;
				INFOPLIST_KEY_LSSupportsOpeningDocumentsInPlace = YES;
				INFOPLIST_KEY_UIApplicationSceneManifest_Generation = YES;
				INFOPLIST_KEY_UIApplicationSupportsIndirectInputEvents = YES;
				INFOPLIST_KEY_UILaunchScreen_Generation = YES;
				INFOPLIST_KEY_UISupportedInterfaceOrientations_iPad = "UIInterfaceOrientationPortrait UIInterfaceOrientationPortraitUpsideDown UIInterfaceOrientationLandscapeLeft UIInterfaceOrientationLandscapeRight";
				INFOPLIST_KEY_UISupportedInterfaceOrientations_iPhone = "UIInterfaceOrientationPortrait UIInterfaceOrientationLandscapeLeft UIInterfaceOrientationLandscapeRight";
				LD_RUNPATH_SEARCH_PATHS = (
					"$(inherited)",
					"@executable_path/Frameworks",
				);
				MARKETING_VERSION = 1.0;
				PRODUCT_BUNDLE_IDENTIFIER = gg.j1.fontssg;
				PRODUCT_NAME = "$(TARGET_NAME)";
				SWIFT_EMIT_LOC_STRINGS = YES;
				SWIFT_OBJC_BRIDGING_HEADER = "fontssg/fontssg-Bridging-Header.h";
				SWIFT_OPTIMIZATION_LEVEL = "-Onone";
				SWIFT_VERSION = 5.0;
				TARGETED_DEVICE_FAMILY = "1,2";
			};
			name = Debug;
		};
		9F4526BE2BEA6A44009DD4E0 /* Release */ = {
			isa = XCBuildConfiguration;
			buildSettings = {
				ASSETCATALOG_COMPILER_APPICON_NAME = AppIcon;
				ASSETCATALOG_COMPILER_GLOBAL_ACCENT_COLOR_NAME = AccentColor;
				CLANG_ENABLE_MODULES = YES;
				CODE_SIGN_STYLE = Automatic;
				CURRENT_PROJECT_VERSION = 1;
				DEVELOPMENT_ASSET_PATHS = "\"fontssg/Preview Content\"";
				DEVELOPMENT_TEAM = N5WWB54659;
				ENABLE_PREVIEWS = YES;
				GENERATE_INFOPLIST_FILE = YES;
				INFOPLIST_FILE = fontssg/Info.plist;
				INFOPLIST_KEY_LSSupportsOpeningDocumentsInPlace = YES;
				INFOPLIST_KEY_UIApplicationSceneManifest_Generation = YES;
				INFOPLIST_KEY_UIApplicationSupportsIndirectInputEvents = YES;
				INFOPLIST_KEY_UILaunchScreen_Generation = YES;
				INFOPLIST_KEY_UISupportedInterfaceOrientations_iPad = "UIInterfaceOrientationPortrait UIInterfaceOrientationPortraitUpsideDown UIInterfaceOrientationLandscapeLeft UIInterfaceOrientationLandscapeRight";
				INFOPLIST_KEY_UISupportedInterfaceOrientations_iPhone = "UIInterfaceOrientationPortrait UIInterfaceOrientationLandscapeLeft UIInterfaceOrientationLandscapeRight";
				LD_RUNPATH_SEARCH_PATHS = (
					"$(inherited)",
					"@executable_path/Frameworks",
				);
				MARKETING_VERSION = 1.0;
				PRODUCT_BUNDLE_IDENTIFIER = gg.j1.fontssg;
				PRODUCT_NAME = "$(TARGET_NAME)";
				SWIFT_EMIT_LOC_STRINGS = YES;
				SWIFT_OBJC_BRIDGING_HEADER = "fontssg/fontssg-Bridging-Header.h";
				SWIFT_VERSION = 5.0;
				TARGETED_DEVICE_FAMILY = "1,2";
			};
			name = Release;
		};
		9F4526C02BEA6A44009DD4E0 /* Debug */ = {
			isa = XCBuildConfiguration;
			buildSettings = {
				ALWAYS_EMBED_SWIFT_STANDARD_LIBRARIES = YES;
				BUNDLE_LOADER = "$(TEST_HOST)";
				CODE_SIGN_STYLE = Automatic;
				CURRENT_PROJECT_VERSION = 1;
				DEVELOPMENT_TEAM = N5WWB54659;
				GENERATE_INFOPLIST_FILE = YES;
				IPHONEOS_DEPLOYMENT_TARGET = 17.2;
				MARKETING_VERSION = 1.0;
				PRODUCT_BUNDLE_IDENTIFIER = gg.j1.fontssgTests;
				PRODUCT_NAME = "$(TARGET_NAME)";
				SWIFT_EMIT_LOC_STRINGS = NO;
				SWIFT_VERSION = 5.0;
				TARGETED_DEVICE_FAMILY = "1,2";
				TEST_HOST = "$(BUILT_PRODUCTS_DIR)/fontssg.app/$(BUNDLE_EXECUTABLE_FOLDER_PATH)/fontssg";
			};
			name = Debug;
		};
		9F4526C12BEA6A44009DD4E0 /* Release */ = {
			isa = XCBuildConfiguration;
			buildSettings = {
				ALWAYS_EMBED_SWIFT_STANDARD_LIBRARIES = YES;
				BUNDLE_LOADER = "$(TEST_HOST)";
				CODE_SIGN_STYLE = Automatic;
				CURRENT_PROJECT_VERSION = 1;
				DEVELOPMENT_TEAM = N5WWB54659;
				GENERATE_INFOPLIST_FILE = YES;
				IPHONEOS_DEPLOYMENT_TARGET = 17.2;
				MARKETING_VERSION = 1.0;
				PRODUCT_BUNDLE_IDENTIFIER = gg.j1.fontssgTests;
				PRODUCT_NAME = "$(TARGET_NAME)";
				SWIFT_EMIT_LOC_STRINGS = NO;
				SWIFT_VERSION = 5.0;
				TARGETED_DEVICE_FAMILY = "1,2";
				TEST_HOST = "$(BUILT_PRODUCTS_DIR)/fontssg.app/$(BUNDLE_EXECUTABLE_FOLDER_PATH)/fontssg";
			};
			name = Release;
		};
		9F4526C32BEA6A44009DD4E0 /* Debug */ = {
			isa = XCBuildConfiguration;
			buildSettings = {
				ALWAYS_EMBED_SWIFT_STANDARD_LIBRARIES = YES;
				CODE_SIGN_STYLE = Automatic;
				CURRENT_PROJECT_VERSION = 1;
				DEVELOPMENT_TEAM = N5WWB54659;
				GENERATE_INFOPLIST_FILE = YES;
				MARKETING_VERSION = 1.0;
				PRODUCT_BUNDLE_IDENTIFIER = gg.j1.fontssgUITests;
				PRODUCT_NAME = "$(TARGET_NAME)";
				SWIFT_EMIT_LOC_STRINGS = NO;
				SWIFT_VERSION = 5.0;
				TARGETED_DEVICE_FAMILY = "1,2";
				TEST_TARGET_NAME = fontssg;
			};
			name = Debug;
		};
		9F4526C42BEA6A44009DD4E0 /* Release */ = {
			isa = XCBuildConfiguration;
			buildSettings = {
				ALWAYS_EMBED_SWIFT_STANDARD_LIBRARIES = YES;
				CODE_SIGN_STYLE = Automatic;
				CURRENT_PROJECT_VERSION = 1;
				DEVELOPMENT_TEAM = N5WWB54659;
				GENERATE_INFOPLIST_FILE = YES;
				MARKETING_VERSION = 1.0;
				PRODUCT_BUNDLE_IDENTIFIER = gg.j1.fontssgUITests;
				PRODUCT_NAME = "$(TARGET_NAME)";
				SWIFT_EMIT_LOC_STRINGS = NO;
				SWIFT_VERSION = 5.0;
				TARGETED_DEVICE_FAMILY = "1,2";
				TEST_TARGET_NAME = fontssg;
			};
			name = Release;
		};
/* End XCBuildConfiguration section */

/* Begin XCConfigurationList section */
		9F4526912BEA6A42009DD4E0 /* Build configuration list for PBXProject "fontssg" */ = {
			isa = XCConfigurationList;
			buildConfigurations = (
				9F4526BA2BEA6A44009DD4E0 /* Debug */,
				9F4526BB2BEA6A44009DD4E0 /* Release */,
			);
			defaultConfigurationIsVisible = 0;
			defaultConfigurationName = Release;
		};
		9F4526BC2BEA6A44009DD4E0 /* Build configuration list for PBXNativeTarget "fontssg" */ = {
			isa = XCConfigurationList;
			buildConfigurations = (
				9F4526BD2BEA6A44009DD4E0 /* Debug */,
				9F4526BE2BEA6A44009DD4E0 /* Release */,
			);
			defaultConfigurationIsVisible = 0;
			defaultConfigurationName = Release;
		};
		9F4526BF2BEA6A44009DD4E0 /* Build configuration list for PBXNativeTarget "fontssgTests" */ = {
			isa = XCConfigurationList;
			buildConfigurations = (
				9F4526C02BEA6A44009DD4E0 /* Debug */,
				9F4526C12BEA6A44009DD4E0 /* Release */,
			);
			defaultConfigurationIsVisible = 0;
			defaultConfigurationName = Release;
		};
		9F4526C22BEA6A44009DD4E0 /* Build configuration list for PBXNativeTarget "fontssgUITests" */ = {
			isa = XCConfigurationList;
			buildConfigurations = (
				9F4526C32BEA6A44009DD4E0 /* Debug */,
				9F4526C42BEA6A44009DD4E0 /* Release */,
			);
			defaultConfigurationIsVisible = 0;
			defaultConfigurationName = Release;
		};
/* End XCConfigurationList section */
	};
	rootObject = 9F45268E2BEA6A42009DD4E0 /* Project object */;
}
